
Microsoft Visual Studio Solution File, Format Version 12.00
# Visual Studio 14
VisualStudioVersion = 14.0.25420.1
MinimumVisualStudioVersion = 10.0.40219.1
Project("{8BB2217D-0F2D-49D1-97BC-3654ED321F3B}") = "Ixy.Application", "src\Ixy.Application\Ixy.Application.xproj", "{9A355B49-F2F5-4C38-8622-A576D823ECBB}"
EndProject
Project("{8BB2217D-0F2D-49D1-97BC-3654ED321F3B}") = "Ixy.Domain", "src\Ixy.Domain\Ixy.Domain.xproj", "{0F7FAE67-6FF6-45A2-A227-46EDAAA4125A}"
EndProject
Project("{2150E333-8FDC-42A3-9474-1A3956D46DE8}") = "01.Presentation", "01.Presentation", "{37C06D1F-C5F2-4A11-A158-621A73FD92D9}"
EndProject
Project("{2150E333-8FDC-42A3-9474-1A3956D46DE8}") = "02.Application", "02.Application", "{C519330D-A1C7-4FAD-92E6-13564C60AEDE}"
EndProject
Project("{2150E333-8FDC-42A3-9474-1A3956D46DE8}") = "03.Domain", "03.Domain", "{0432E981-B488-4CBE-8CF4-73855C34E760}"
EndProject
Project("{2150E333-8FDC-42A3-9474-1A3956D46DE8}") = "04.Infrastructure", "04.Infrastructure", "{D3768F0A-F47D-4F3C-B034-CCA4CC7E5F5E}"
EndProject
Project("{8BB2217D-0F2D-49D1-97BC-3654ED321F3B}") = "Ixy.Utility", "src\Ixy.Utility\Ixy.Utility.xproj", "{7CBA3F2C-F28B-4493-B224-4F0902ADB9C0}"
EndProject
Project("{8BB2217D-0F2D-49D1-97BC-3654ED321F3B}") = "Ixy.Web", "src\Ixy.Web\Ixy.Web.xproj", "{CA4C84A9-A0C5-4CA8-959F-6615D9F5A169}"
EndProject
Project("{8BB2217D-0F2D-49D1-97BC-3654ED321F3B}") = "Ixy.Infrastructure", "src\Ixy.Infrastructure\Ixy.Infrastructure.xproj", "{50DBFA1C-CEE6-4EDC-81C2-BB69241A29C0}"
EndProject
Global
	GlobalSection(SolutionConfigurationPlatforms) = preSolution
		Debug|Any CPU = Debug|Any CPU
		Release|Any CPU = Release|Any CPU
	EndGlobalSection
	GlobalSection(ProjectConfigurationPlatforms) = postSolution
		{9A355B49-F2F5-4C38-8622-A576D823ECBB}.Debug|Any CPU.ActiveCfg = Debug|Any CPU
		{9A355B49-F2F5-4C38-8622-A576D823ECBB}.Debug|Any CPU.Build.0 = Debug|Any CPU
		{9A355B49-F2F5-4C38-8622-A576D823ECBB}.Release|Any CPU.ActiveCfg = Release|Any CPU
		{9A355B49-F2F5-4C38-8622-A576D823ECBB}.Release|Any CPU.Build.0 = Release|Any CPU
		{0F7FAE67-6FF6-45A2-A227-46EDAAA4125A}.Debug|Any CPU.ActiveCfg = Debug|Any CPU
		{0F7FAE67-6FF6-45A2-A227-46EDAAA4125A}.Debug|Any CPU.Build.0 = Debug|Any CPU
		{0F7FAE67-6FF6-45A2-A227-46EDAAA4125A}.Release|Any CPU.ActiveCfg = Release|Any CPU
		{0F7FAE67-6FF6-45A2-A227-46EDAAA4125A}.Release|Any CPU.Build.0 = Release|Any CPU
		{7CBA3F2C-F28B-4493-B224-4F0902ADB9C0}.Debug|Any CPU.ActiveCfg = Debug|Any CPU
		{7CBA3F2C-F28B-4493-B224-4F0902ADB9C0}.Debug|Any CPU.Build.0 = Debug|Any CPU
		{7CBA3F2C-F28B-4493-B224-4F0902ADB9C0}.Release|Any CPU.ActiveCfg = Release|Any CPU
		{7CBA3F2C-F28B-4493-B224-4F0902ADB9C0}.Release|Any CPU.Build.0 = Release|Any CPU
		{CA4C84A9-A0C5-4CA8-959F-6615D9F5A169}.Debug|Any CPU.ActiveCfg = Debug|Any CPU
		{CA4C84A9-A0C5-4CA8-959F-6615D9F5A169}.Debug|Any CPU.Build.0 = Debug|Any CPU
		{CA4C84A9-A0C5-4CA8-959F-6615D9F5A169}.Release|Any CPU.ActiveCfg = Release|Any CPU
		{CA4C84A9-A0C5-4CA8-959F-6615D9F5A169}.Release|Any CPU.Build.0 = Release|Any CPU
		{50DBFA1C-CEE6-4EDC-81C2-BB69241A29C0}.Debug|Any CPU.ActiveCfg = Debug|Any CPU
		{50DBFA1C-CEE6-4EDC-81C2-BB69241A29C0}.Debug|Any CPU.Build.0 = Debug|Any CPU
		{50DBFA1C-CEE6-4EDC-81C2-BB69241A29C0}.Release|Any CPU.ActiveCfg = Release|Any CPU
		{50DBFA1C-CEE6-4EDC-81C2-BB69241A29C0}.Release|Any CPU.Build.0 = Release|Any CPU
	EndGlobalSection
	GlobalSection(SolutionProperties) = preSolution
		HideSolutionNode = FALSE
	EndGlobalSection
	GlobalSection(NestedProjects) = preSolution
		{9A355B49-F2F5-4C38-8622-A576D823ECBB} = {C519330D-A1C7-4FAD-92E6-13564C60AEDE}
		{0F7FAE67-6FF6-45A2-A227-46EDAAA4125A} = {0432E981-B488-4CBE-8CF4-73855C34E760}
		{7CBA3F2C-F28B-4493-B224-4F0902ADB9C0} = {D3768F0A-F47D-4F3C-B034-CCA4CC7E5F5E}
		{CA4C84A9-A0C5-4CA8-959F-6615D9F5A169} = {37C06D1F-C5F2-4A11-A158-621A73FD92D9}
		{50DBFA1C-CEE6-4EDC-81C2-BB69241A29C0} = {D3768F0A-F47D-4F3C-B034-CCA4CC7E5F5E}
	EndGlobalSection
EndGlobal
